// !$*UTF8*$!
{
	archiveVersion = 1;
	classes = {
	};
	objectVersion = 56;
	objects = {

/* Begin PBXBuildFile section */
		0856176029F94B240056CDCC /* Gilroy-Bold.ttf in Resources */ = {isa = PBXBuildFile; fileRef = 0856175E29F94B240056CDCC /* Gilroy-Bold.ttf */; };
		0856176129F94B240056CDCC /* Gilroy-Medium.ttf in Resources */ = {isa = PBXBuildFile; fileRef = 0856175F29F94B240056CDCC /* Gilroy-Medium.ttf */; };
		87526C1B29FC38AC0022A1F7 /* DirectoryReceipt.storyboard in Resources */ = {isa = PBXBuildFile; fileRef = 87526C1A29FC38AC0022A1F7 /* DirectoryReceipt.storyboard */; };
		87526C1D29FC38FD0022A1F7 /* DirectoryTableViewController.swift in Sources */ = {isa = PBXBuildFile; fileRef = 87526C1C29FC38FD0022A1F7 /* DirectoryTableViewController.swift */; };
		87526C1F29FC3F1C0022A1F7 /* MealTimeTableViewController.swift in Sources */ = {isa = PBXBuildFile; fileRef = 87526C1E29FC3F1C0022A1F7 /* MealTimeTableViewController.swift */; };
		87526C2129FC7AAF0022A1F7 /* ResultDirectoryViewController.swift in Sources */ = {isa = PBXBuildFile; fileRef = 87526C2029FC7AAF0022A1F7 /* ResultDirectoryViewController.swift */; };
		87662B2029FADB080001AE6C /* ResultTableViewController.swift in Sources */ = {isa = PBXBuildFile; fileRef = 87662B1F29FADB080001AE6C /* ResultTableViewController.swift */; };
		87662B2229FADB360001AE6C /* Result.storyboard in Resources */ = {isa = PBXBuildFile; fileRef = 87662B2129FADB360001AE6C /* Result.storyboard */; };
		FD1FA78D29F94235009C2712 /* Receipt.swift in Sources */ = {isa = PBXBuildFile; fileRef = FD1FA78C29F94235009C2712 /* Receipt.swift */; };
		FD1FA78F29F94251009C2712 /* DataStore.swift in Sources */ = {isa = PBXBuildFile; fileRef = FD1FA78E29F94251009C2712 /* DataStore.swift */; };
		FD23651A29F81D31005290A4 /* AppDelegate.swift in Sources */ = {isa = PBXBuildFile; fileRef = FD23651929F81D31005290A4 /* AppDelegate.swift */; };
		FD23651C29F81D31005290A4 /* SceneDelegate.swift in Sources */ = {isa = PBXBuildFile; fileRef = FD23651B29F81D31005290A4 /* SceneDelegate.swift */; };
		FD23651E29F81D31005290A4 /* ViewController.swift in Sources */ = {isa = PBXBuildFile; fileRef = FD23651D29F81D31005290A4 /* ViewController.swift */; };
		FD23652129F81D31005290A4 /* Main.storyboard in Resources */ = {isa = PBXBuildFile; fileRef = FD23651F29F81D31005290A4 /* Main.storyboard */; };
		FD23652329F81D31005290A4 /* Assets.xcassets in Resources */ = {isa = PBXBuildFile; fileRef = FD23652229F81D31005290A4 /* Assets.xcassets */; };
		FD23652629F81D31005290A4 /* LaunchScreen.storyboard in Resources */ = {isa = PBXBuildFile; fileRef = FD23652429F81D31005290A4 /* LaunchScreen.storyboard */; };
		FD720BAB29F81FD7000C98EA /* .gitignore in Resources */ = {isa = PBXBuildFile; fileRef = FD720BAA29F81FD7000C98EA /* .gitignore */; };
/* End PBXBuildFile section */

/* Begin PBXFileReference section */
		0856175E29F94B240056CDCC /* Gilroy-Bold.ttf */ = {isa = PBXFileReference; lastKnownFileType = file; path = "Gilroy-Bold.ttf"; sourceTree = "<group>"; };
		0856175F29F94B240056CDCC /* Gilroy-Medium.ttf */ = {isa = PBXFileReference; lastKnownFileType = file; path = "Gilroy-Medium.ttf"; sourceTree = "<group>"; };
		87526C1A29FC38AC0022A1F7 /* DirectoryReceipt.storyboard */ = {isa = PBXFileReference; lastKnownFileType = file.storyboard; path = DirectoryReceipt.storyboard; sourceTree = "<group>"; };
		87526C1C29FC38FD0022A1F7 /* DirectoryTableViewController.swift */ = {isa = PBXFileReference; lastKnownFileType = sourcecode.swift; path = DirectoryTableViewController.swift; sourceTree = "<group>"; };
		87526C1E29FC3F1C0022A1F7 /* MealTimeTableViewController.swift */ = {isa = PBXFileReference; lastKnownFileType = sourcecode.swift; path = MealTimeTableViewController.swift; sourceTree = "<group>"; };
		87526C2029FC7AAF0022A1F7 /* ResultDirectoryViewController.swift */ = {isa = PBXFileReference; lastKnownFileType = sourcecode.swift; path = ResultDirectoryViewController.swift; sourceTree = "<group>"; };
		87662B1F29FADB080001AE6C /* ResultTableViewController.swift */ = {isa = PBXFileReference; fileEncoding = 4; lastKnownFileType = sourcecode.swift; path = ResultTableViewController.swift; sourceTree = "<group>"; };
		87662B2129FADB360001AE6C /* Result.storyboard */ = {isa = PBXFileReference; fileEncoding = 4; lastKnownFileType = file.storyboard; path = Result.storyboard; sourceTree = "<group>"; };
		FD1FA78C29F94235009C2712 /* Receipt.swift */ = {isa = PBXFileReference; lastKnownFileType = sourcecode.swift; path = Receipt.swift; sourceTree = "<group>"; };
		FD1FA78E29F94251009C2712 /* DataStore.swift */ = {isa = PBXFileReference; lastKnownFileType = sourcecode.swift; path = DataStore.swift; sourceTree = "<group>"; };
		FD23651629F81D31005290A4 /* RandomFood.app */ = {isa = PBXFileReference; explicitFileType = wrapper.application; includeInIndex = 0; path = RandomFood.app; sourceTree = BUILT_PRODUCTS_DIR; };
		FD23651929F81D31005290A4 /* AppDelegate.swift */ = {isa = PBXFileReference; lastKnownFileType = sourcecode.swift; path = AppDelegate.swift; sourceTree = "<group>"; };
		FD23651B29F81D31005290A4 /* SceneDelegate.swift */ = {isa = PBXFileReference; lastKnownFileType = sourcecode.swift; path = SceneDelegate.swift; sourceTree = "<group>"; };
		FD23651D29F81D31005290A4 /* ViewController.swift */ = {isa = PBXFileReference; lastKnownFileType = sourcecode.swift; path = ViewController.swift; sourceTree = "<group>"; };
		FD23652029F81D31005290A4 /* Base */ = {isa = PBXFileReference; lastKnownFileType = file.storyboard; name = Base; path = Base.lproj/Main.storyboard; sourceTree = "<group>"; };
		FD23652229F81D31005290A4 /* Assets.xcassets */ = {isa = PBXFileReference; lastKnownFileType = folder.assetcatalog; path = Assets.xcassets; sourceTree = "<group>"; };
		FD23652529F81D31005290A4 /* Base */ = {isa = PBXFileReference; lastKnownFileType = file.storyboard; name = Base; path = Base.lproj/LaunchScreen.storyboard; sourceTree = "<group>"; };
		FD23652729F81D31005290A4 /* Info.plist */ = {isa = PBXFileReference; lastKnownFileType = text.plist.xml; path = Info.plist; sourceTree = "<group>"; };
		FD720BAA29F81FD7000C98EA /* .gitignore */ = {isa = PBXFileReference; lastKnownFileType = text; path = .gitignore; sourceTree = "<group>"; };
/* End PBXFileReference section */

/* Begin PBXFrameworksBuildPhase section */
		FD23651329F81D31005290A4 /* Frameworks */ = {
			isa = PBXFrameworksBuildPhase;
			buildActionMask = 2147483647;
			files = (
			);
			runOnlyForDeploymentPostprocessing = 0;
		};
/* End PBXFrameworksBuildPhase section */

/* Begin PBXGroup section */
		0856175D29F94AEA0056CDCC /* Fonts */ = {
			isa = PBXGroup;
			children = (
				0856175E29F94B240056CDCC /* Gilroy-Bold.ttf */,
				0856175F29F94B240056CDCC /* Gilroy-Medium.ttf */,
			);
			path = Fonts;
			sourceTree = "<group>";
		};
		FD23650D29F81D30005290A4 = {
			isa = PBXGroup;
			children = (
				FD720BAA29F81FD7000C98EA /* .gitignore */,
				FD23651829F81D31005290A4 /* RandomFood */,
				FD23651729F81D31005290A4 /* Products */,
			);
			sourceTree = "<group>";
		};
		FD23651729F81D31005290A4 /* Products */ = {
			isa = PBXGroup;
			children = (
				FD23651629F81D31005290A4 /* RandomFood.app */,
			);
			name = Products;
			sourceTree = "<group>";
		};
		FD23651829F81D31005290A4 /* RandomFood */ = {
			isa = PBXGroup;
			children = (
				0856175D29F94AEA0056CDCC /* Fonts */,
				FD23653029F81E68005290A4 /* Models */,
				FD23652D29F81D5F005290A4 /* ViewControllers */,
				FD23652F29F81DC1005290A4 /* Storyboards */,
				FD23653129F81E87005290A4 /* Services */,
				FD23652E29F81D7F005290A4 /* App */,
				FD23652229F81D31005290A4 /* Assets.xcassets */,
			);
			path = RandomFood;
			sourceTree = "<group>";
		};
		FD23652D29F81D5F005290A4 /* ViewControllers */ = {
			isa = PBXGroup;
			children = (
				87662B1F29FADB080001AE6C /* ResultTableViewController.swift */,
				87526C1C29FC38FD0022A1F7 /* DirectoryTableViewController.swift */,
				87526C1E29FC3F1C0022A1F7 /* MealTimeTableViewController.swift */,
				FD23651D29F81D31005290A4 /* ViewController.swift */,
				87526C2029FC7AAF0022A1F7 /* ResultDirectoryViewController.swift */,
			);
			path = ViewControllers;
			sourceTree = "<group>";
		};
		FD23652E29F81D7F005290A4 /* App */ = {
			isa = PBXGroup;
			children = (
				FD23651929F81D31005290A4 /* AppDelegate.swift */,
				FD23651B29F81D31005290A4 /* SceneDelegate.swift */,
				FD23652729F81D31005290A4 /* Info.plist */,
			);
			path = App;
			sourceTree = "<group>";
		};
		FD23652F29F81DC1005290A4 /* Storyboards */ = {
			isa = PBXGroup;
			children = (
				87662B2129FADB360001AE6C /* Result.storyboard */,
				87526C1A29FC38AC0022A1F7 /* DirectoryReceipt.storyboard */,
				FD23652429F81D31005290A4 /* LaunchScreen.storyboard */,
				FD23651F29F81D31005290A4 /* Main.storyboard */,
			);
			path = Storyboards;
			sourceTree = "<group>";
		};
		FD23653029F81E68005290A4 /* Models */ = {
			isa = PBXGroup;
			children = (
				FD1FA78C29F94235009C2712 /* Receipt.swift */,
			);
			path = Models;
			sourceTree = "<group>";
		};
		FD23653129F81E87005290A4 /* Services */ = {
			isa = PBXGroup;
			children = (
				FD1FA78E29F94251009C2712 /* DataStore.swift */,
			);
			path = Services;
			sourceTree = "<group>";
		};
/* End PBXGroup section */

/* Begin PBXNativeTarget section */
		FD23651529F81D31005290A4 /* RandomFood */ = {
			isa = PBXNativeTarget;
			buildConfigurationList = FD23652A29F81D31005290A4 /* Build configuration list for PBXNativeTarget "RandomFood" */;
			buildPhases = (
				FD23651229F81D31005290A4 /* Sources */,
				FD23651329F81D31005290A4 /* Frameworks */,
				FD23651429F81D31005290A4 /* Resources */,
			);
			buildRules = (
			);
			dependencies = (
			);
			name = RandomFood;
			productName = RandomFood;
			productReference = FD23651629F81D31005290A4 /* RandomFood.app */;
			productType = "com.apple.product-type.application";
		};
/* End PBXNativeTarget section */

/* Begin PBXProject section */
		FD23650E29F81D30005290A4 /* Project object */ = {
			isa = PBXProject;
			attributes = {
				BuildIndependentTargetsInParallel = 1;
				LastSwiftUpdateCheck = 1430;
				LastUpgradeCheck = 1430;
				TargetAttributes = {
					FD23651529F81D31005290A4 = {
						CreatedOnToolsVersion = 14.3;
					};
				};
			};
			buildConfigurationList = FD23651129F81D30005290A4 /* Build configuration list for PBXProject "RandomFood" */;
			compatibilityVersion = "Xcode 14.0";
			developmentRegion = en;
			hasScannedForEncodings = 0;
			knownRegions = (
				en,
				Base,
			);
			mainGroup = FD23650D29F81D30005290A4;
			productRefGroup = FD23651729F81D31005290A4 /* Products */;
			projectDirPath = "";
			projectRoot = "";
			targets = (
				FD23651529F81D31005290A4 /* RandomFood */,
			);
		};
/* End PBXProject section */

/* Begin PBXResourcesBuildPhase section */
		FD23651429F81D31005290A4 /* Resources */ = {
			isa = PBXResourcesBuildPhase;
			buildActionMask = 2147483647;
			files = (
				87662B2229FADB360001AE6C /* Result.storyboard in Resources */,
				FD720BAB29F81FD7000C98EA /* .gitignore in Resources */,
				0856176129F94B240056CDCC /* Gilroy-Medium.ttf in Resources */,
				87526C1B29FC38AC0022A1F7 /* DirectoryReceipt.storyboard in Resources */,
				FD23652629F81D31005290A4 /* LaunchScreen.storyboard in Resources */,
				0856176029F94B240056CDCC /* Gilroy-Bold.ttf in Resources */,
				FD23652329F81D31005290A4 /* Assets.xcassets in Resources */,
				FD23652129F81D31005290A4 /* Main.storyboard in Resources */,
			);
			runOnlyForDeploymentPostprocessing = 0;
		};
/* End PBXResourcesBuildPhase section */

/* Begin PBXSourcesBuildPhase section */
		FD23651229F81D31005290A4 /* Sources */ = {
			isa = PBXSourcesBuildPhase;
			buildActionMask = 2147483647;
			files = (
				87526C2129FC7AAF0022A1F7 /* ResultDirectoryViewController.swift in Sources */,
				FD1FA78D29F94235009C2712 /* Receipt.swift in Sources */,
				87526C1D29FC38FD0022A1F7 /* DirectoryTableViewController.swift in Sources */,
				FD23651E29F81D31005290A4 /* ViewController.swift in Sources */,
				87526C1F29FC3F1C0022A1F7 /* MealTimeTableViewController.swift in Sources */,
				87662B2029FADB080001AE6C /* ResultTableViewController.swift in Sources */,
				FD23651A29F81D31005290A4 /* AppDelegate.swift in Sources */,
				FD1FA78F29F94251009C2712 /* DataStore.swift in Sources */,
				FD23651C29F81D31005290A4 /* SceneDelegate.swift in Sources */,
			);
			runOnlyForDeploymentPostprocessing = 0;
		};
/* End PBXSourcesBuildPhase section */

/* Begin PBXVariantGroup section */
		FD23651F29F81D31005290A4 /* Main.storyboard */ = {
			isa = PBXVariantGroup;
			children = (
				FD23652029F81D31005290A4 /* Base */,
			);
			name = Main.storyboard;
			sourceTree = "<group>";
		};
		FD23652429F81D31005290A4 /* LaunchScreen.storyboard */ = {
			isa = PBXVariantGroup;
			children = (
				FD23652529F81D31005290A4 /* Base */,
			);
			name = LaunchScreen.storyboard;
			sourceTree = "<group>";
		};
/* End PBXVariantGroup section */

/* Begin XCBuildConfiguration section */
		FD23652829F81D31005290A4 /* Debug */ = {
			isa = XCBuildConfiguration;
			buildSettings = {
				ALWAYS_SEARCH_USER_PATHS = NO;
				CLANG_ANALYZER_NONNULL = YES;
				CLANG_ANALYZER_NUMBER_OBJECT_CONVERSION = YES_AGGRESSIVE;
				CLANG_CXX_LANGUAGE_STANDARD = "gnu++20";
				CLANG_ENABLE_MODULES = YES;
				CLANG_ENABLE_OBJC_ARC = YES;
				CLANG_ENABLE_OBJC_WEAK = YES;
				CLANG_WARN_BLOCK_CAPTURE_AUTORELEASING = YES;
				CLANG_WARN_BOOL_CONVERSION = YES;
				CLANG_WARN_COMMA = YES;
				CLANG_WARN_CONSTANT_CONVERSION = YES;
				CLANG_WARN_DEPRECATED_OBJC_IMPLEMENTATIONS = YES;
				CLANG_WARN_DIRECT_OBJC_ISA_USAGE = YES_ERROR;
				CLANG_WARN_DOCUMENTATION_COMMENTS = YES;
				CLANG_WARN_EMPTY_BODY = YES;
				CLANG_WARN_ENUM_CONVERSION = YES;
				CLANG_WARN_INFINITE_RECURSION = YES;
				CLANG_WARN_INT_CONVERSION = YES;
				CLANG_WARN_NON_LITERAL_NULL_CONVERSION = YES;
				CLANG_WARN_OBJC_IMPLICIT_RETAIN_SELF = YES;
				CLANG_WARN_OBJC_LITERAL_CONVERSION = YES;
				CLANG_WARN_OBJC_ROOT_CLASS = YES_ERROR;
				CLANG_WARN_QUOTED_INCLUDE_IN_FRAMEWORK_HEADER = YES;
				CLANG_WARN_RANGE_LOOP_ANALYSIS = YES;
				CLANG_WARN_STRICT_PROTOTYPES = YES;
				CLANG_WARN_SUSPICIOUS_MOVE = YES;
				CLANG_WARN_UNGUARDED_AVAILABILITY = YES_AGGRESSIVE;
				CLANG_WARN_UNREACHABLE_CODE = YES;
				CLANG_WARN__DUPLICATE_METHOD_MATCH = YES;
				COPY_PHASE_STRIP = NO;
				DEBUG_INFORMATION_FORMAT = dwarf;
				ENABLE_STRICT_OBJC_MSGSEND = YES;
				ENABLE_TESTABILITY = YES;
				GCC_C_LANGUAGE_STANDARD = gnu11;
				GCC_DYNAMIC_NO_PIC = NO;
				GCC_NO_COMMON_BLOCKS = YES;
				GCC_OPTIMIZATION_LEVEL = 0;
				GCC_PREPROCESSOR_DEFINITIONS = (
					"DEBUG=1",
					"$(inherited)",
				);
				GCC_WARN_64_TO_32_BIT_CONVERSION = YES;
				GCC_WARN_ABOUT_RETURN_TYPE = YES_ERROR;
				GCC_WARN_UNDECLARED_SELECTOR = YES;
				GCC_WARN_UNINITIALIZED_AUTOS = YES_AGGRESSIVE;
				GCC_WARN_UNUSED_FUNCTION = YES;
				GCC_WARN_UNUSED_VARIABLE = YES;
				IPHONEOS_DEPLOYMENT_TARGET = 16.4;
				MTL_ENABLE_DEBUG_INFO = INCLUDE_SOURCE;
				MTL_FAST_MATH = YES;
				ONLY_ACTIVE_ARCH = YES;
				SDKROOT = iphoneos;
				SWIFT_ACTIVE_COMPILATION_CONDITIONS = DEBUG;
				SWIFT_OPTIMIZATION_LEVEL = "-Onone";
			};
			name = Debug;
		};
		FD23652929F81D31005290A4 /* Release */ = {
			isa = XCBuildConfiguration;
			buildSettings = {
				ALWAYS_SEARCH_USER_PATHS = NO;
				CLANG_ANALYZER_NONNULL = YES;
				CLANG_ANALYZER_NUMBER_OBJECT_CONVERSION = YES_AGGRESSIVE;
				CLANG_CXX_LANGUAGE_STANDARD = "gnu++20";
				CLANG_ENABLE_MODULES = YES;
				CLANG_ENABLE_OBJC_ARC = YES;
				CLANG_ENABLE_OBJC_WEAK = YES;
				CLANG_WARN_BLOCK_CAPTURE_AUTORELEASING = YES;
				CLANG_WARN_BOOL_CONVERSION = YES;
				CLANG_WARN_COMMA = YES;
				CLANG_WARN_CONSTANT_CONVERSION = YES;
				CLANG_WARN_DEPRECATED_OBJC_IMPLEMENTATIONS = YES;
				CLANG_WARN_DIRECT_OBJC_ISA_USAGE = YES_ERROR;
				CLANG_WARN_DOCUMENTATION_COMMENTS = YES;
				CLANG_WARN_EMPTY_BODY = YES;
				CLANG_WARN_ENUM_CONVERSION = YES;
				CLANG_WARN_INFINITE_RECURSION = YES;
				CLANG_WARN_INT_CONVERSION = YES;
				CLANG_WARN_NON_LITERAL_NULL_CONVERSION = YES;
				CLANG_WARN_OBJC_IMPLICIT_RETAIN_SELF = YES;
				CLANG_WARN_OBJC_LITERAL_CONVERSION = YES;
				CLANG_WARN_OBJC_ROOT_CLASS = YES_ERROR;
				CLANG_WARN_QUOTED_INCLUDE_IN_FRAMEWORK_HEADER = YES;
				CLANG_WARN_RANGE_LOOP_ANALYSIS = YES;
				CLANG_WARN_STRICT_PROTOTYPES = YES;
				CLANG_WARN_SUSPICIOUS_MOVE = YES;
				CLANG_WARN_UNGUARDED_AVAILABILITY = YES_AGGRESSIVE;
				CLANG_WARN_UNREACHABLE_CODE = YES;
				CLANG_WARN__DUPLICATE_METHOD_MATCH = YES;
				COPY_PHASE_STRIP = NO;
				DEBUG_INFORMATION_FORMAT = "dwarf-with-dsym";
				ENABLE_NS_ASSERTIONS = NO;
				ENABLE_STRICT_OBJC_MSGSEND = YES;
				GCC_C_LANGUAGE_STANDARD = gnu11;
				GCC_NO_COMMON_BLOCKS = YES;
				GCC_WARN_64_TO_32_BIT_CONVERSION = YES;
				GCC_WARN_ABOUT_RETURN_TYPE = YES_ERROR;
				GCC_WARN_UNDECLARED_SELECTOR = YES;
				GCC_WARN_UNINITIALIZED_AUTOS = YES_AGGRESSIVE;
				GCC_WARN_UNUSED_FUNCTION = YES;
				GCC_WARN_UNUSED_VARIABLE = YES;
				IPHONEOS_DEPLOYMENT_TARGET = 16.4;
				MTL_ENABLE_DEBUG_INFO = NO;
				MTL_FAST_MATH = YES;
				SDKROOT = iphoneos;
				SWIFT_COMPILATION_MODE = wholemodule;
				SWIFT_OPTIMIZATION_LEVEL = "-O";
				VALIDATE_PRODUCT = YES;
			};
			name = Release;
		};
		FD23652B29F81D31005290A4 /* Debug */ = {
			isa = XCBuildConfiguration;
			buildSettings = {
				ASSETCATALOG_COMPILER_APPICON_NAME = AppIcon;
				ASSETCATALOG_COMPILER_GLOBAL_ACCENT_COLOR_NAME = AccentColor;
				CODE_SIGN_STYLE = Automatic;
				CURRENT_PROJECT_VERSION = 1;
				DEVELOPMENT_TEAM = BMFF8ZNZAT;
				GENERATE_INFOPLIST_FILE = YES;
				INFOPLIST_FILE = RandomFood/App/Info.plist;
				INFOPLIST_KEY_UIApplicationSupportsIndirectInputEvents = YES;
				INFOPLIST_KEY_UILaunchStoryboardName = LaunchScreen;
				INFOPLIST_KEY_UIMainStoryboardFile = Main;
				INFOPLIST_KEY_UISupportedInterfaceOrientations_iPad = "UIInterfaceOrientationPortrait UIInterfaceOrientationPortraitUpsideDown UIInterfaceOrientationLandscapeLeft UIInterfaceOrientationLandscapeRight";
				INFOPLIST_KEY_UISupportedInterfaceOrientations_iPhone = "UIInterfaceOrientationPortrait UIInterfaceOrientationLandscapeLeft UIInterfaceOrientationLandscapeRight";
				IPHONEOS_DEPLOYMENT_TARGET = 15.5;
				LD_RUNPATH_SEARCH_PATHS = (
					"$(inherited)",
					"@executable_path/Frameworks",
				);
				MARKETING_VERSION = 1.0;
				PRODUCT_BUNDLE_IDENTIFIER = "Kasharin-M.RandomFood";
				PRODUCT_NAME = "$(TARGET_NAME)";
				SUPPORTED_PLATFORMS = "iphoneos iphonesimulator";
				SUPPORTS_MACCATALYST = NO;
				SUPPORTS_MAC_DESIGNED_FOR_IPHONE_IPAD = NO;
				SWIFT_EMIT_LOC_STRINGS = YES;
				SWIFT_VERSION = 5.0;
				TARGETED_DEVICE_FAMILY = 1;
			};
			name = Debug;
		};
		FD23652C29F81D31005290A4 /* Release */ = {
			isa = XCBuildConfiguration;
			buildSettings = {
				ASSETCATALOG_COMPILER_APPICON_NAME = AppIcon;
				ASSETCATALOG_COMPILER_GLOBAL_ACCENT_COLOR_NAME = AccentColor;
				CODE_SIGN_STYLE = Automatic;
				CURRENT_PROJECT_VERSION = 1;
				DEVELOPMENT_TEAM = BMFF8ZNZAT;
				GENERATE_INFOPLIST_FILE = YES;
				INFOPLIST_FILE = RandomFood/App/Info.plist;
				INFOPLIST_KEY_UIApplicationSupportsIndirectInputEvents = YES;
				INFOPLIST_KEY_UILaunchStoryboardName = LaunchScreen;
				INFOPLIST_KEY_UIMainStoryboardFile = Main;
				INFOPLIST_KEY_UISupportedInterfaceOrientations_iPad = "UIInterfaceOrientationPortrait UIInterfaceOrientationPortraitUpsideDown UIInterfaceOrientationLandscapeLeft UIInterfaceOrientationLandscapeRight";
				INFOPLIST_KEY_UISupportedInterfaceOrientations_iPhone = "UIInterfaceOrientationPortrait UIInterfaceOrientationLandscapeLeft UIInterfaceOrientationLandscapeRight";
				IPHONEOS_DEPLOYMENT_TARGET = 15.5;
				LD_RUNPATH_SEARCH_PATHS = (
					"$(inherited)",
					"@executable_path/Frameworks",
				);
				MARKETING_VERSION = 1.0;
				PRODUCT_BUNDLE_IDENTIFIER = "Kasharin-M.RandomFood";
				PRODUCT_NAME = "$(TARGET_NAME)";
				SUPPORTED_PLATFORMS = "iphoneos iphonesimulator";
				SUPPORTS_MACCATALYST = NO;
				SUPPORTS_MAC_DESIGNED_FOR_IPHONE_IPAD = NO;
				SWIFT_EMIT_LOC_STRINGS = YES;
				SWIFT_VERSION = 5.0;
				TARGETED_DEVICE_FAMILY = 1;
			};
			name = Release;
		};
/* End XCBuildConfiguration section */

/* Begin XCConfigurationList section */
		FD23651129F81D30005290A4 /* Build configuration list for PBXProject "RandomFood" */ = {
			isa = XCConfigurationList;
			buildConfigurations = (
				FD23652829F81D31005290A4 /* Debug */,
				FD23652929F81D31005290A4 /* Release */,
			);
			defaultConfigurationIsVisible = 0;
			defaultConfigurationName = Release;
		};
		FD23652A29F81D31005290A4 /* Build configuration list for PBXNativeTarget "RandomFood" */ = {
			isa = XCConfigurationList;
			buildConfigurations = (
				FD23652B29F81D31005290A4 /* Debug */,
				FD23652C29F81D31005290A4 /* Release */,
			);
			defaultConfigurationIsVisible = 0;
			defaultConfigurationName = Release;
		};
/* End XCConfigurationList section */
	};
	rootObject = FD23650E29F81D30005290A4 /* Project object */;
}
